
Microsoft Visual Studio Solution File, Format Version 12.00
# Visual Studio Version 16
VisualStudioVersion = 16.0.29324.140
MinimumVisualStudioVersion = 10.0.40219.1
Project("{8BC9CEB8-8B4A-11D0-8D11-00A0C91BC942}") = "Shape Calculations", "Shape Calculations\Shape Calculations.vcxproj", "{2F8A5F76-0EBD-466C-9305-4474EED85D83}"
EndProject
Global
	GlobalSection(SolutionConfigurationPlatforms) = preSolution
		Debug|x64 = Debug|x64
		Debug|x86 = Debug|x86
		Release|x64 = Release|x64
		Release|x86 = Release|x86
	EndGlobalSection
	GlobalSection(ProjectConfigurationPlatforms) = postSolution
		{2F8A5F76-0EBD-466C-9305-4474EED85D83}.Debug|x64.ActiveCfg = Debug|x64
		{2F8A5F76-0EBD-466C-9305-4474EED85D83}.Debug|x64.Build.0 = Debug|x64
		{2F8A5F76-0EBD-466C-9305-4474EED85D83}.Debug|x86.ActiveCfg = Debug|Win32
		{2F8A5F76-0EBD-466C-9305-4474EED85D83}.Debug|x86.Build.0 = Debug|Win32
		{2F8A5F76-0EBD-466C-9305-4474EED85D83}.Release|x64.ActiveCfg = Release|x64
		{2F8A5F76-0EBD-466C-9305-4474EED85D83}.Release|x64.Build.0 = Release|x64
		{2F8A5F76-0EBD-466C-9305-4474EED85D83}.Release|x86.ActiveCfg = Release|Win32
		{2F8A5F76-0EBD-466C-9305-4474EED85D83}.Release|x86.Build.0 = Release|Win32
	EndGlobalSection
	GlobalSection(SolutionProperties) = preSolution
		HideSolutionNode = FALSE
	EndGlobalSection
	GlobalSection(ExtensibilityGlobals) = postSolution
		SolutionGuid = {8CA6A773-7B1E-4966-8A20-C42534502365}
	EndGlobalSection
EndGlobal
